# This file is autogenerated, do not edit; changes may be undone by the next 'dep ensure'.


[[projects]]
  name = "github.com/golang/protobuf"
  packages = ["proto"]
  revision = "6c65a5562fc06764971b7c5d05c76c75e84bdbf7"
  version = "v1.3.2"

[[projects]]
  name = "github.com/nyaruka/phonenumbers"
  packages = ["."]
  revision = "70effd04591513799241b4403eed392484110901"
  version = "v1.0.52"

[solve-meta]
  analyzer-name = "dep"
  analyzer-version = 1
  inputs-digest = "493b56cb5b42d8dc0c46f71f1c514d30f45b26f7f92c8852701349e0b9ce04b7"
  solver-name = "gps-cdcl"
  solver-version = 1
